
Microsoft Visual Studio Solution File, Format Version 12.00
# Visual Studio Version 17
VisualStudioVersion = 17.12.35514.174 d17.12
MinimumVisualStudioVersion = 10.0.40219.1
Project("{8BC9CEB8-8B4A-11D0-8D11-00A0C91BC942}") = "Snake Game in Cpp", "Snake Game in Cpp.vcxproj", "{CB675E0A-B465-49A1-A7B4-7F6843862CFE}"
EndProject
Global
	GlobalSection(SolutionConfigurationPlatforms) = preSolution
		Debug|x64 = Debug|x64
		Debug|x86 = Debug|x86
		Release|x64 = Release|x64
		Release|x86 = Release|x86
	EndGlobalSection
	GlobalSection(ProjectConfigurationPlatforms) = postSolution
		{CB675E0A-B465-49A1-A7B4-7F6843862CFE}.Debug|x64.ActiveCfg = Debug|x64
		{CB675E0A-B465-49A1-A7B4-7F6843862CFE}.Debug|x64.Build.0 = Debug|x64
		{CB675E0A-B465-49A1-A7B4-7F6843862CFE}.Debug|x86.ActiveCfg = Debug|Win32
		{CB675E0A-B465-49A1-A7B4-7F6843862CFE}.Debug|x86.Build.0 = Debug|Win32
		{CB675E0A-B465-49A1-A7B4-7F6843862CFE}.Release|x64.ActiveCfg = Release|x64
		{CB675E0A-B465-49A1-A7B4-7F6843862CFE}.Release|x64.Build.0 = Release|x64
		{CB675E0A-B465-49A1-A7B4-7F6843862CFE}.Release|x86.ActiveCfg = Release|Win32
		{CB675E0A-B465-49A1-A7B4-7F6843862CFE}.Release|x86.Build.0 = Release|Win32
	EndGlobalSection
	GlobalSection(SolutionProperties) = preSolution
		HideSolutionNode = FALSE
	EndGlobalSection
EndGlobal
